
Microsoft Visual Studio Solution File, Format Version 12.00
# Visual Studio Version 17
VisualStudioVersion = 17.9.34701.34
MinimumVisualStudioVersion = 10.0.40219.1
Project("{8BC9CEB8-8B4A-11D0-8D11-00A0C91BC942}") = "lesson007", "lesson007.vcxproj", "{81307444-D4FC-42DC-B0B3-64290C973FA4}"
EndProject
Global
	GlobalSection(SolutionConfigurationPlatforms) = preSolution
		Debug|x64 = Debug|x64
		Debug|x86 = Debug|x86
		Release|x64 = Release|x64
		Release|x86 = Release|x86
	EndGlobalSection
	GlobalSection(ProjectConfigurationPlatforms) = postSolution
		{81307444-D4FC-42DC-B0B3-64290C973FA4}.Debug|x64.ActiveCfg = Debug|x64
		{81307444-D4FC-42DC-B0B3-64290C973FA4}.Debug|x64.Build.0 = Debug|x64
		{81307444-D4FC-42DC-B0B3-64290C973FA4}.Debug|x86.ActiveCfg = Debug|Win32
		{81307444-D4FC-42DC-B0B3-64290C973FA4}.Debug|x86.Build.0 = Debug|Win32
		{81307444-D4FC-42DC-B0B3-64290C973FA4}.Release|x64.ActiveCfg = Release|x64
		{81307444-D4FC-42DC-B0B3-64290C973FA4}.Release|x64.Build.0 = Release|x64
		{81307444-D4FC-42DC-B0B3-64290C973FA4}.Release|x86.ActiveCfg = Release|Win32
		{81307444-D4FC-42DC-B0B3-64290C973FA4}.Release|x86.Build.0 = Release|Win32
	EndGlobalSection
	GlobalSection(SolutionProperties) = preSolution
		HideSolutionNode = FALSE
	EndGlobalSection
	GlobalSection(ExtensibilityGlobals) = postSolution
		SolutionGuid = {6F242BD9-AA7D-4B5E-9891-389636A31ADE}
	EndGlobalSection
EndGlobal
